
Microsoft Visual Studio Solution File, Format Version 12.00
# Visual Studio Version 17
VisualStudioVersion = 17.7.34031.279
MinimumVisualStudioVersion = 10.0.40219.1
Project("{FAE04EC0-301F-11D3-BF4B-00C04F79EFBC}") = "BelosAutomoveisProjeto", "BelosAutomoveisProjeto\BelosAutomoveisProjeto.csproj", "{AB00F121-DAE8-48C0-BA34-BE51A232872E}"
EndProject
Global
	GlobalSection(SolutionConfigurationPlatforms) = preSolution
		Debug|Any CPU = Debug|Any CPU
		Release|Any CPU = Release|Any CPU
	EndGlobalSection
	GlobalSection(ProjectConfigurationPlatforms) = postSolution
		{AB00F121-DAE8-48C0-BA34-BE51A232872E}.Debug|Any CPU.ActiveCfg = Debug|Any CPU
		{AB00F121-DAE8-48C0-BA34-BE51A232872E}.Debug|Any CPU.Build.0 = Debug|Any CPU
		{AB00F121-DAE8-48C0-BA34-BE51A232872E}.Release|Any CPU.ActiveCfg = Release|Any CPU
		{AB00F121-DAE8-48C0-BA34-BE51A232872E}.Release|Any CPU.Build.0 = Release|Any CPU
	EndGlobalSection
	GlobalSection(SolutionProperties) = preSolution
		HideSolutionNode = FALSE
	EndGlobalSection
	GlobalSection(ExtensibilityGlobals) = postSolution
		SolutionGuid = {DDEC6EFB-9D65-4A60-A133-0813370625E7}
	EndGlobalSection
EndGlobal
